<?xml version="1.0" encoding="utf-8"?>
<Project ToolsVersion="17.0" xmlns="http://schemas.microsoft.com/developer/msbuild/2003">
  <ItemGroup>
    <CustomBuild Include="C:\Users\kamro\Desktop\cg_project_2\cg_project_2\build\CMakeFiles\d59d08e16a5057dbafcd792e924cce79\INSTALL_force.rule">
      <Filter>CMake Rules</Filter>
    </CustomBuild>
  </ItemGroup>
  <ItemGroup>
    <Filter Include="CMake Rules">
      <UniqueIdentifier>{CC7B8D59-2B40-3D80-8FAE-0968B8737CEB}</UniqueIdentifier>
    </Filter>
  </ItemGroup>
</Project>
